{
  "version": 4,
  "terraform_version": "1.0.2",
  "serial": 8,
  "lineage": "c8f9b7fe-2d04-90a3-bd3f-87989ebb973c",
  "outputs": {},
  "resources": [
    {
      "mode": "data",
      "type": "google_compute_instance_template",
      "name": "k8s-template",
      "provider": "provider[\"registry.terraform.io/hashicorp/google\"]",
      "instances": [
        {
          "schema_version": 0,
          "attributes": {
            "advanced_machine_features": null,
            "can_ip_forward": false,
            "confidential_instance_config": [
              {
                "enable_confidential_compute": false
              }
            ],
            "description": "",
            "disk": [
              {
                "auto_delete": true,
                "boot": true,
                "device_name": "kubernetes-template-1",
                "disk_encryption_key": [],
                "disk_name": "",
                "disk_size_gb": 10,
                "disk_type": "pd-balanced",
                "interface": "",
                "labels": {},
                "mode": "READ_WRITE",
                "resource_policies": [],
                "source": "",
                "source_image": "projects/ubuntu-os-cloud/global/images/ubuntu-2004-focal-v20211202",
                "type": "PERSISTENT"
              }
            ],
            "filter": null,
            "guest_accelerator": null,
            "id": "projects/peerless-window-333808/global/instanceTemplates/kubernetes-template-1",
            "instance_description": "",
            "labels": null,
            "machine_type": "e2-medium",
            "metadata": {
              "startup-script": "#!/bin/bash\n\ncat \u003c\u003cEOF | sudo tee /etc/modules-load.d/containerd.conf\noverlay\nbr_netfilter\nEOF\n\nsudo modprobe overlay\nsudo modprobe br_netfilter\n\n# Setup required sysctl params, these persist across reboots.\ncat \u003c\u003cEOF | sudo tee /etc/sysctl.d/99-kubernetes-cri.conf\nnet.bridge.bridge-nf-call-iptables  = 1\nnet.bridge.bridge-nf-call-ip6tables = 1\nnet.ipv4.ip_forward                 = 1\nnet.bridge.bridge-nf-call-ip6tables = 1\nEOF\n\n# Apply sysctl params without reboot\nsudo sysctl --system\n\nsudo apt -y install containerd\nsudo mkdir -p /etc/containerd\ncontainerd config default | sudo tee /etc/containerd/config.toml\nsudo systemctl restart containerd\nsudo apt-get update\nsudo apt-get install -y apt-transport-https ca-certificates curl\nsudo curl -fsSLo /usr/share/keyrings/kubernetes-archive-keyring.gpg https://packages.cloud.google.com/apt/doc/apt-key.gpg\necho \"deb [signed-by=/usr/share/keyrings/kubernetes-archive-keyring.gpg] https://apt.kubernetes.io/ kubernetes-xenial main\" | sudo tee /etc/apt/sources.list.d/kubernetes.list\nsudo apt-get update\nsudo apt-get install -y kubelet=1.21.0-00 kubeadm=1.21.0-00 kubectl=1.21.0-00\nsudo apt-mark hold kubelet kubeadm kubectl"
            },
            "metadata_fingerprint": "ItDNd2f6qGw=",
            "metadata_startup_script": null,
            "min_cpu_platform": "",
            "most_recent": null,
            "name": "kubernetes-template-1",
            "name_prefix": null,
            "network_interface": [
              {
                "access_config": [
                  {
                    "nat_ip": "",
                    "network_tier": "PREMIUM",
                    "public_ptr_domain_name": ""
                  }
                ],
                "alias_ip_range": [],
                "ipv6_access_config": [],
                "ipv6_access_type": "",
                "name": "nic0",
                "network": "https://www.googleapis.com/compute/v1/projects/peerless-window-333808/global/networks/default",
                "network_ip": "",
                "nic_type": "",
                "queue_count": 0,
                "stack_type": "",
                "subnetwork": "",
                "subnetwork_project": ""
              }
            ],
            "project": "peerless-window-333808",
            "region": null,
            "reservation_affinity": [
              {
                "specific_reservation": [],
                "type": "ANY_RESERVATION"
              }
            ],
            "scheduling": [
              {
                "automatic_restart": true,
                "min_node_cpus": 0,
                "node_affinities": [],
                "on_host_maintenance": "MIGRATE",
                "preemptible": false
              }
            ],
            "self_link": "https://www.googleapis.com/compute/v1/projects/peerless-window-333808/global/instanceTemplates/kubernetes-template-1",
            "service_account": [
              {
                "email": "289935116118-compute@developer.gserviceaccount.com",
                "scopes": [
                  "https://www.googleapis.com/auth/devstorage.read_only",
                  "https://www.googleapis.com/auth/logging.write",
                  "https://www.googleapis.com/auth/monitoring.write",
                  "https://www.googleapis.com/auth/service.management.readonly",
                  "https://www.googleapis.com/auth/servicecontrol",
                  "https://www.googleapis.com/auth/trace.append"
                ]
              }
            ],
            "shielded_instance_config": [
              {
                "enable_integrity_monitoring": true,
                "enable_secure_boot": false,
                "enable_vtpm": true
              }
            ],
            "tags": [],
            "tags_fingerprint": ""
          },
          "sensitive_attributes": []
        }
      ]
    },
    {
      "mode": "managed",
      "type": "google_compute_instance_from_template",
      "name": "master",
      "provider": "provider[\"registry.terraform.io/hashicorp/google\"]",
      "instances": [
        {
          "schema_version": 0,
          "attributes": {
            "advanced_machine_features": [],
            "allow_stopping_for_update": null,
            "attached_disk": [],
            "boot_disk": [
              {
                "auto_delete": true,
                "device_name": "kubernetes-template-1",
                "disk_encryption_key_raw": "",
                "disk_encryption_key_sha256": "",
                "initialize_params": [
                  {
                    "image": "https://www.googleapis.com/compute/v1/projects/ubuntu-os-cloud/global/images/ubuntu-2004-focal-v20211202",
                    "labels": {},
                    "size": 10,
                    "type": "pd-balanced"
                  }
                ],
                "kms_key_self_link": "",
                "mode": "READ_WRITE",
                "source": "https://www.googleapis.com/compute/v1/projects/peerless-window-333808/zones/europe-west3-c/disks/master01"
              }
            ],
            "can_ip_forward": false,
            "confidential_instance_config": [
              {
                "enable_confidential_compute": false
              }
            ],
            "cpu_platform": "Intel Broadwell",
            "current_status": "RUNNING",
            "deletion_protection": false,
            "description": "",
            "desired_status": null,
            "enable_display": false,
            "guest_accelerator": [],
            "hostname": "",
            "id": "projects/peerless-window-333808/zones/europe-west3-c/instances/master01",
            "instance_id": "58499532206268608",
            "label_fingerprint": "42WmSpB8rSM=",
            "labels": {},
            "machine_type": "e2-medium",
            "metadata": {
              "startup-script": "#!/bin/bash\n\ncat \u003c\u003cEOF | sudo tee /etc/modules-load.d/containerd.conf\noverlay\nbr_netfilter\nEOF\n\nsudo modprobe overlay\nsudo modprobe br_netfilter\n\n# Setup required sysctl params, these persist across reboots.\ncat \u003c\u003cEOF | sudo tee /etc/sysctl.d/99-kubernetes-cri.conf\nnet.bridge.bridge-nf-call-iptables  = 1\nnet.bridge.bridge-nf-call-ip6tables = 1\nnet.ipv4.ip_forward                 = 1\nnet.bridge.bridge-nf-call-ip6tables = 1\nEOF\n\n# Apply sysctl params without reboot\nsudo sysctl --system\n\nsudo apt -y install containerd\nsudo mkdir -p /etc/containerd\ncontainerd config default | sudo tee /etc/containerd/config.toml\nsudo systemctl restart containerd\nsudo apt-get update\nsudo apt-get install -y apt-transport-https ca-certificates curl\nsudo curl -fsSLo /usr/share/keyrings/kubernetes-archive-keyring.gpg https://packages.cloud.google.com/apt/doc/apt-key.gpg\necho \"deb [signed-by=/usr/share/keyrings/kubernetes-archive-keyring.gpg] https://apt.kubernetes.io/ kubernetes-xenial main\" | sudo tee /etc/apt/sources.list.d/kubernetes.list\nsudo apt-get update\nsudo apt-get install -y kubelet=1.21.0-00 kubeadm=1.21.0-00 kubectl=1.21.0-00\nsudo apt-mark hold kubelet kubeadm kubectl"
            },
            "metadata_fingerprint": "ItDNd2f6qGw=",
            "metadata_startup_script": null,
            "min_cpu_platform": "",
            "name": "master01",
            "network_interface": [
              {
                "access_config": [
                  {
                    "nat_ip": "34.141.51.4",
                    "network_tier": "PREMIUM",
                    "public_ptr_domain_name": ""
                  }
                ],
                "alias_ip_range": [],
                "ipv6_access_config": [],
                "ipv6_access_type": "",
                "name": "nic0",
                "network": "https://www.googleapis.com/compute/v1/projects/peerless-window-333808/global/networks/default",
                "network_ip": "10.156.0.44",
                "nic_type": "",
                "queue_count": 0,
                "stack_type": "IPV4_ONLY",
                "subnetwork": "https://www.googleapis.com/compute/v1/projects/peerless-window-333808/regions/europe-west3/subnetworks/default",
                "subnetwork_project": "peerless-window-333808"
              }
            ],
            "project": "peerless-window-333808",
            "reservation_affinity": [
              {
                "specific_reservation": [],
                "type": "ANY_RESERVATION"
              }
            ],
            "resource_policies": [],
            "scheduling": [
              {
                "automatic_restart": true,
                "min_node_cpus": 0,
                "node_affinities": [],
                "on_host_maintenance": "MIGRATE",
                "preemptible": false
              }
            ],
            "scratch_disk": [],
            "self_link": "https://www.googleapis.com/compute/v1/projects/peerless-window-333808/zones/europe-west3-c/instances/master01",
            "service_account": [
              {
                "email": "289935116118-compute@developer.gserviceaccount.com",
                "scopes": [
                  "https://www.googleapis.com/auth/devstorage.read_only",
                  "https://www.googleapis.com/auth/logging.write",
                  "https://www.googleapis.com/auth/monitoring.write",
                  "https://www.googleapis.com/auth/service.management.readonly",
                  "https://www.googleapis.com/auth/servicecontrol",
                  "https://www.googleapis.com/auth/trace.append"
                ]
              }
            ],
            "shielded_instance_config": [
              {
                "enable_integrity_monitoring": true,
                "enable_secure_boot": false,
                "enable_vtpm": true
              }
            ],
            "source_instance_template": "projects/peerless-window-333808/global/instanceTemplates/kubernetes-template-1",
            "tags": [],
            "tags_fingerprint": "42WmSpB8rSM=",
            "timeouts": null,
            "zone": "europe-west3-c"
          },
          "sensitive_attributes": [],
          "private": "eyJlMmJmYjczMC1lY2FhLTExZTYtOGY4OC0zNDM2M2JjN2M0YzAiOnsiY3JlYXRlIjoxMjAwMDAwMDAwMDAwLCJkZWxldGUiOjEyMDAwMDAwMDAwMDAsInVwZGF0ZSI6MTIwMDAwMDAwMDAwMH19",
          "dependencies": [
            "data.google_compute_instance_template.k8s-template"
          ]
        }
      ]
    },
    {
      "mode": "managed",
      "type": "google_compute_instance_from_template",
      "name": "node",
      "provider": "provider[\"registry.terraform.io/hashicorp/google\"]",
      "instances": [
        {
          "index_key": 0,
          "schema_version": 0,
          "attributes": {
            "advanced_machine_features": [],
            "allow_stopping_for_update": null,
            "attached_disk": [],
            "boot_disk": [
              {
                "auto_delete": true,
                "device_name": "kubernetes-template-1",
                "disk_encryption_key_raw": "",
                "disk_encryption_key_sha256": "",
                "initialize_params": [
                  {
                    "image": "https://www.googleapis.com/compute/v1/projects/ubuntu-os-cloud/global/images/ubuntu-2004-focal-v20211202",
                    "labels": {},
                    "size": 10,
                    "type": "pd-balanced"
                  }
                ],
                "kms_key_self_link": "",
                "mode": "READ_WRITE",
                "source": "https://www.googleapis.com/compute/v1/projects/peerless-window-333808/zones/europe-west3-c/disks/node-0"
              }
            ],
            "can_ip_forward": false,
            "confidential_instance_config": [
              {
                "enable_confidential_compute": false
              }
            ],
            "cpu_platform": "Intel Broadwell",
            "current_status": "RUNNING",
            "deletion_protection": false,
            "description": "",
            "desired_status": null,
            "enable_display": false,
            "guest_accelerator": [],
            "hostname": "",
            "id": "projects/peerless-window-333808/zones/europe-west3-c/instances/node-0",
            "instance_id": "1948093801653231808",
            "label_fingerprint": "42WmSpB8rSM=",
            "labels": {},
            "machine_type": "e2-medium",
            "metadata": {
              "startup-script": "#!/bin/bash\n\ncat \u003c\u003cEOF | sudo tee /etc/modules-load.d/containerd.conf\noverlay\nbr_netfilter\nEOF\n\nsudo modprobe overlay\nsudo modprobe br_netfilter\n\n# Setup required sysctl params, these persist across reboots.\ncat \u003c\u003cEOF | sudo tee /etc/sysctl.d/99-kubernetes-cri.conf\nnet.bridge.bridge-nf-call-iptables  = 1\nnet.bridge.bridge-nf-call-ip6tables = 1\nnet.ipv4.ip_forward                 = 1\nnet.bridge.bridge-nf-call-ip6tables = 1\nEOF\n\n# Apply sysctl params without reboot\nsudo sysctl --system\n\nsudo apt -y install containerd\nsudo mkdir -p /etc/containerd\ncontainerd config default | sudo tee /etc/containerd/config.toml\nsudo systemctl restart containerd\nsudo apt-get update\nsudo apt-get install -y apt-transport-https ca-certificates curl\nsudo curl -fsSLo /usr/share/keyrings/kubernetes-archive-keyring.gpg https://packages.cloud.google.com/apt/doc/apt-key.gpg\necho \"deb [signed-by=/usr/share/keyrings/kubernetes-archive-keyring.gpg] https://apt.kubernetes.io/ kubernetes-xenial main\" | sudo tee /etc/apt/sources.list.d/kubernetes.list\nsudo apt-get update\nsudo apt-get install -y kubelet=1.21.0-00 kubeadm=1.21.0-00 kubectl=1.21.0-00\nsudo apt-mark hold kubelet kubeadm kubectl"
            },
            "metadata_fingerprint": "ItDNd2f6qGw=",
            "metadata_startup_script": null,
            "min_cpu_platform": "",
            "name": "node-0",
            "network_interface": [
              {
                "access_config": [
                  {
                    "nat_ip": "34.159.220.135",
                    "network_tier": "PREMIUM",
                    "public_ptr_domain_name": ""
                  }
                ],
                "alias_ip_range": [],
                "ipv6_access_config": [],
                "ipv6_access_type": "",
                "name": "nic0",
                "network": "https://www.googleapis.com/compute/v1/projects/peerless-window-333808/global/networks/default",
                "network_ip": "10.156.0.43",
                "nic_type": "",
                "queue_count": 0,
                "stack_type": "IPV4_ONLY",
                "subnetwork": "https://www.googleapis.com/compute/v1/projects/peerless-window-333808/regions/europe-west3/subnetworks/default",
                "subnetwork_project": "peerless-window-333808"
              }
            ],
            "project": "peerless-window-333808",
            "reservation_affinity": [
              {
                "specific_reservation": [],
                "type": "ANY_RESERVATION"
              }
            ],
            "resource_policies": [],
            "scheduling": [
              {
                "automatic_restart": true,
                "min_node_cpus": 0,
                "node_affinities": [],
                "on_host_maintenance": "MIGRATE",
                "preemptible": false
              }
            ],
            "scratch_disk": [],
            "self_link": "https://www.googleapis.com/compute/v1/projects/peerless-window-333808/zones/europe-west3-c/instances/node-0",
            "service_account": [
              {
                "email": "289935116118-compute@developer.gserviceaccount.com",
                "scopes": [
                  "https://www.googleapis.com/auth/devstorage.read_only",
                  "https://www.googleapis.com/auth/logging.write",
                  "https://www.googleapis.com/auth/monitoring.write",
                  "https://www.googleapis.com/auth/service.management.readonly",
                  "https://www.googleapis.com/auth/servicecontrol",
                  "https://www.googleapis.com/auth/trace.append"
                ]
              }
            ],
            "shielded_instance_config": [
              {
                "enable_integrity_monitoring": true,
                "enable_secure_boot": false,
                "enable_vtpm": true
              }
            ],
            "source_instance_template": "projects/peerless-window-333808/global/instanceTemplates/kubernetes-template-1",
            "tags": [],
            "tags_fingerprint": "42WmSpB8rSM=",
            "timeouts": null,
            "zone": "europe-west3-c"
          },
          "sensitive_attributes": [],
          "private": "eyJlMmJmYjczMC1lY2FhLTExZTYtOGY4OC0zNDM2M2JjN2M0YzAiOnsiY3JlYXRlIjoxMjAwMDAwMDAwMDAwLCJkZWxldGUiOjEyMDAwMDAwMDAwMDAsInVwZGF0ZSI6MTIwMDAwMDAwMDAwMH19",
          "dependencies": [
            "data.google_compute_instance_template.k8s-template"
          ]
        },
        {
          "index_key": 1,
          "schema_version": 0,
          "attributes": {
            "advanced_machine_features": [],
            "allow_stopping_for_update": null,
            "attached_disk": [],
            "boot_disk": [
              {
                "auto_delete": true,
                "device_name": "kubernetes-template-1",
                "disk_encryption_key_raw": "",
                "disk_encryption_key_sha256": "",
                "initialize_params": [
                  {
                    "image": "https://www.googleapis.com/compute/v1/projects/ubuntu-os-cloud/global/images/ubuntu-2004-focal-v20211202",
                    "labels": {},
                    "size": 10,
                    "type": "pd-balanced"
                  }
                ],
                "kms_key_self_link": "",
                "mode": "READ_WRITE",
                "source": "https://www.googleapis.com/compute/v1/projects/peerless-window-333808/zones/europe-west3-c/disks/node-1"
              }
            ],
            "can_ip_forward": false,
            "confidential_instance_config": [
              {
                "enable_confidential_compute": false
              }
            ],
            "cpu_platform": "Intel Broadwell",
            "current_status": "RUNNING",
            "deletion_protection": false,
            "description": "",
            "desired_status": null,
            "enable_display": false,
            "guest_accelerator": [],
            "hostname": "",
            "id": "projects/peerless-window-333808/zones/europe-west3-c/instances/node-1",
            "instance_id": "4640900161507057856",
            "label_fingerprint": "42WmSpB8rSM=",
            "labels": {},
            "machine_type": "e2-medium",
            "metadata": {
              "startup-script": "#!/bin/bash\n\ncat \u003c\u003cEOF | sudo tee /etc/modules-load.d/containerd.conf\noverlay\nbr_netfilter\nEOF\n\nsudo modprobe overlay\nsudo modprobe br_netfilter\n\n# Setup required sysctl params, these persist across reboots.\ncat \u003c\u003cEOF | sudo tee /etc/sysctl.d/99-kubernetes-cri.conf\nnet.bridge.bridge-nf-call-iptables  = 1\nnet.bridge.bridge-nf-call-ip6tables = 1\nnet.ipv4.ip_forward                 = 1\nnet.bridge.bridge-nf-call-ip6tables = 1\nEOF\n\n# Apply sysctl params without reboot\nsudo sysctl --system\n\nsudo apt -y install containerd\nsudo mkdir -p /etc/containerd\ncontainerd config default | sudo tee /etc/containerd/config.toml\nsudo systemctl restart containerd\nsudo apt-get update\nsudo apt-get install -y apt-transport-https ca-certificates curl\nsudo curl -fsSLo /usr/share/keyrings/kubernetes-archive-keyring.gpg https://packages.cloud.google.com/apt/doc/apt-key.gpg\necho \"deb [signed-by=/usr/share/keyrings/kubernetes-archive-keyring.gpg] https://apt.kubernetes.io/ kubernetes-xenial main\" | sudo tee /etc/apt/sources.list.d/kubernetes.list\nsudo apt-get update\nsudo apt-get install -y kubelet=1.21.0-00 kubeadm=1.21.0-00 kubectl=1.21.0-00\nsudo apt-mark hold kubelet kubeadm kubectl"
            },
            "metadata_fingerprint": "ItDNd2f6qGw=",
            "metadata_startup_script": null,
            "min_cpu_platform": "",
            "name": "node-1",
            "network_interface": [
              {
                "access_config": [
                  {
                    "nat_ip": "34.107.11.76",
                    "network_tier": "PREMIUM",
                    "public_ptr_domain_name": ""
                  }
                ],
                "alias_ip_range": [],
                "ipv6_access_config": [],
                "ipv6_access_type": "",
                "name": "nic0",
                "network": "https://www.googleapis.com/compute/v1/projects/peerless-window-333808/global/networks/default",
                "network_ip": "10.156.0.45",
                "nic_type": "",
                "queue_count": 0,
                "stack_type": "IPV4_ONLY",
                "subnetwork": "https://www.googleapis.com/compute/v1/projects/peerless-window-333808/regions/europe-west3/subnetworks/default",
                "subnetwork_project": "peerless-window-333808"
              }
            ],
            "project": "peerless-window-333808",
            "reservation_affinity": [
              {
                "specific_reservation": [],
                "type": "ANY_RESERVATION"
              }
            ],
            "resource_policies": [],
            "scheduling": [
              {
                "automatic_restart": true,
                "min_node_cpus": 0,
                "node_affinities": [],
                "on_host_maintenance": "MIGRATE",
                "preemptible": false
              }
            ],
            "scratch_disk": [],
            "self_link": "https://www.googleapis.com/compute/v1/projects/peerless-window-333808/zones/europe-west3-c/instances/node-1",
            "service_account": [
              {
                "email": "289935116118-compute@developer.gserviceaccount.com",
                "scopes": [
                  "https://www.googleapis.com/auth/devstorage.read_only",
                  "https://www.googleapis.com/auth/logging.write",
                  "https://www.googleapis.com/auth/monitoring.write",
                  "https://www.googleapis.com/auth/service.management.readonly",
                  "https://www.googleapis.com/auth/servicecontrol",
                  "https://www.googleapis.com/auth/trace.append"
                ]
              }
            ],
            "shielded_instance_config": [
              {
                "enable_integrity_monitoring": true,
                "enable_secure_boot": false,
                "enable_vtpm": true
              }
            ],
            "source_instance_template": "projects/peerless-window-333808/global/instanceTemplates/kubernetes-template-1",
            "tags": [],
            "tags_fingerprint": "42WmSpB8rSM=",
            "timeouts": null,
            "zone": "europe-west3-c"
          },
          "sensitive_attributes": [],
          "private": "eyJlMmJmYjczMC1lY2FhLTExZTYtOGY4OC0zNDM2M2JjN2M0YzAiOnsiY3JlYXRlIjoxMjAwMDAwMDAwMDAwLCJkZWxldGUiOjEyMDAwMDAwMDAwMDAsInVwZGF0ZSI6MTIwMDAwMDAwMDAwMH19",
          "dependencies": [
            "data.google_compute_instance_template.k8s-template"
          ]
        }
      ]
    }
  ]
}
